// !$*UTF8*$!
{
	archiveVersion = 1;
	classes = {
	};
	objectVersion = 46;
	objects = {

/* Begin PBXBuildFile section */
		0C25D4A115BFEAC1009F8844 /* UMMPPreferencePanel.xib in Resources */ = {isa = PBXBuildFile; fileRef = 0C25D4A015BFEAC1009F8844 /* UMMPPreferencePanel.xib */; };
		0C4AC492181935790019CE27 /* import.png in Resources */ = {isa = PBXBuildFile; fileRef = 0C4AC491181935790019CE27 /* import.png */; };
		0C76E47515CA5DDA00717E29 /* DCMAttribute.h in Headers */ = {isa = PBXBuildFile; fileRef = 0C76E47415CA5DDA00717E29 /* DCMAttribute.h */; };
		0C76E47715CA64DF00717E29 /* DCMSequenceAttribute.h in Headers */ = {isa = PBXBuildFile; fileRef = 0C76E47615CA64DF00717E29 /* DCMSequenceAttribute.h */; };
		0C76E47915CA6DB800717E29 /* DCMAttributeTag.h in Headers */ = {isa = PBXBuildFile; fileRef = 0C76E47815CA6DB800717E29 /* DCMAttributeTag.h */; };
		0C86C4F4157F580A009CE02D /* UMMPUserDefaults.h in Headers */ = {isa = PBXBuildFile; fileRef = 0C86C4F2157F580A009CE02D /* UMMPUserDefaults.h */; };
		0C86C4F5157F580A009CE02D /* UMMPUserDefaults.m in Sources */ = {isa = PBXBuildFile; fileRef = 0C86C4F3157F580A009CE02D /* UMMPUserDefaults.m */; };
		0C9202F815B93C1C00E1FE9B /* UMMPAFAllMapsController.h in Headers */ = {isa = PBXBuildFile; fileRef = 0C9202F615B93C1C00E1FE9B /* UMMPAFAllMapsController.h */; };
		0C9202F915B93C1C00E1FE9B /* UMMPAFAllMapsController.m in Sources */ = {isa = PBXBuildFile; fileRef = 0C9202F715B93C1C00E1FE9B /* UMMPAFAllMapsController.m */; };
		0C9523F315931898007D04B6 /* UMMPPixelBasedMapController.h in Headers */ = {isa = PBXBuildFile; fileRef = 0C9523F115931898007D04B6 /* UMMPPixelBasedMapController.h */; };
		0C9523F415931898007D04B6 /* UMMPPixelBasedMapController.m in Sources */ = {isa = PBXBuildFile; fileRef = 0C9523F215931898007D04B6 /* UMMPPixelBasedMapController.m */; };
		0CBD7EF81588B9FA00A5966E /* UMMPPanel.xib in Resources */ = {isa = PBXBuildFile; fileRef = 0CBD7EF71588B9FA00A5966E /* UMMPPanel.xib */; };
		0CBF7B5615861042001F20F0 /* UMMPAFOneAlgorithmController.h in Headers */ = {isa = PBXBuildFile; fileRef = 0CBF7B5215861042001F20F0 /* UMMPAFOneAlgorithmController.h */; };
		0CBF7B5715861042001F20F0 /* UMMPAFOneAlgorithmController.m in Sources */ = {isa = PBXBuildFile; fileRef = 0CBF7B5315861042001F20F0 /* UMMPAFOneAlgorithmController.m */; };
		0CBF7B5815861042001F20F0 /* UMMPAFOneROIController.h in Headers */ = {isa = PBXBuildFile; fileRef = 0CBF7B5415861042001F20F0 /* UMMPAFOneROIController.h */; };
		0CBF7B5915861042001F20F0 /* UMMPAFOneROIController.m in Sources */ = {isa = PBXBuildFile; fileRef = 0CBF7B5515861042001F20F0 /* UMMPAFOneROIController.m */; };
		0CD7217A15933A6100066C2F /* UMMPRoiBasedController.h in Headers */ = {isa = PBXBuildFile; fileRef = 0CD7217815933A6100066C2F /* UMMPRoiBasedController.h */; };
		0CD7217B15933A6100066C2F /* UMMPRoiBasedController.m in Sources */ = {isa = PBXBuildFile; fileRef = 0CD7217915933A6100066C2F /* UMMPRoiBasedController.m */; };
		0CDE177B15C7C736005BC69C /* curve.png in Resources */ = {isa = PBXBuildFile; fileRef = 0CDE177A15C7C736005BC69C /* curve.png */; };
		0CDE179215C9175B005BC69C /* UMMPViewer.png in Resources */ = {isa = PBXBuildFile; fileRef = 0CDE179115C9175B005BC69C /* UMMPViewer.png */; };
		1440E5B71505FFCD008988E2 /* OsiriXAPI.framework in Frameworks */ = {isa = PBXBuildFile; fileRef = 1440E5B61505FFCD008988E2 /* OsiriXAPI.framework */; };
		1457F281143B2EDB0047E548 /* UMMPPanelController.h in Headers */ = {isa = PBXBuildFile; fileRef = 1457F27F143B2EDB0047E548 /* UMMPPanelController.h */; };
		1457F282143B2EDB0047E548 /* UMMPPanelController.m in Sources */ = {isa = PBXBuildFile; fileRef = 1457F280143B2EDB0047E548 /* UMMPPanelController.m */; };
		1457F29E143B321F0047E548 /* plugin.png in Resources */ = {isa = PBXBuildFile; fileRef = 1457F29D143B321F0047E548 /* plugin.png */; };
		1457F2A5143B333F0047E548 /* UMMPAlgorithmController.h in Headers */ = {isa = PBXBuildFile; fileRef = 1457F2A3143B333F0047E548 /* UMMPAlgorithmController.h */; };
		1457F2A6143B333F0047E548 /* UMMPAlgorithmController.m in Sources */ = {isa = PBXBuildFile; fileRef = 1457F2A4143B333F0047E548 /* UMMPAlgorithmController.m */; };
		1457F2AE143B33F60047E548 /* UMMPFastDeconvolutionController.h in Headers */ = {isa = PBXBuildFile; fileRef = 1457F2AC143B33F60047E548 /* UMMPFastDeconvolutionController.h */; };
		1457F2AF143B33F60047E548 /* UMMPFastDeconvolutionController.m in Sources */ = {isa = PBXBuildFile; fileRef = 1457F2AD143B33F60047E548 /* UMMPFastDeconvolutionController.m */; };
		14603E4F143C893B008F31C5 /* GraphKit.framework in Frameworks */ = {isa = PBXBuildFile; fileRef = 14603E4E143C893B008F31C5 /* GraphKit.framework */; };
		14D4E038143C86F900F630A6 /* DCMCalendarDate.h in Headers */ = {isa = PBXBuildFile; fileRef = 14D4E036143C86F900F630A6 /* DCMCalendarDate.h */; };
		14D4E039143C86F900F630A6 /* DCMObject.h in Headers */ = {isa = PBXBuildFile; fileRef = 14D4E037143C86F900F630A6 /* DCMObject.h */; };
		14D4E042143C870400F630A6 /* GRAreaDataSet.h in Headers */ = {isa = PBXBuildFile; fileRef = 14D4E03A143C870400F630A6 /* GRAreaDataSet.h */; };
		14D4E043143C870400F630A6 /* GRAxes.h in Headers */ = {isa = PBXBuildFile; fileRef = 14D4E03B143C870400F630A6 /* GRAxes.h */; };
		14D4E044143C870400F630A6 /* GRChartView.h in Headers */ = {isa = PBXBuildFile; fileRef = 14D4E03C143C870400F630A6 /* GRChartView.h */; };
		14D4E045143C870400F630A6 /* GRColumnDataSet.h in Headers */ = {isa = PBXBuildFile; fileRef = 14D4E03D143C870400F630A6 /* GRColumnDataSet.h */; };
		14D4E046143C870400F630A6 /* GRDataSet.h in Headers */ = {isa = PBXBuildFile; fileRef = 14D4E03E143C870400F630A6 /* GRDataSet.h */; };
		14D4E047143C870400F630A6 /* GRLineDataSet.h in Headers */ = {isa = PBXBuildFile; fileRef = 14D4E03F143C870400F630A6 /* GRLineDataSet.h */; };
		14D4E048143C870400F630A6 /* GRPieDataSet.h in Headers */ = {isa = PBXBuildFile; fileRef = 14D4E040143C870400F630A6 /* GRPieDataSet.h */; };
		14D4E049143C870400F630A6 /* GRXYDataSet.h in Headers */ = {isa = PBXBuildFile; fileRef = 14D4E041143C870400F630A6 /* GRXYDataSet.h */; };
		2603A6A914ED24B2005CE48C /* MPCurveFit.c in Sources */ = {isa = PBXBuildFile; fileRef = 2603A6A714ED24B2005CE48C /* MPCurveFit.c */; };
		2603A6AA14ED24B2005CE48C /* MPCurveFit.h in Headers */ = {isa = PBXBuildFile; fileRef = 2603A6A814ED24B2005CE48C /* MPCurveFit.h */; };
		2619055514612C6A00F0E558 /* UMMPPrefController.h in Headers */ = {isa = PBXBuildFile; fileRef = 2619055314612C6A00F0E558 /* UMMPPrefController.h */; };
		2619055614612C6A00F0E558 /* UMMPPrefController.m in Sources */ = {isa = PBXBuildFile; fileRef = 2619055414612C6A00F0E558 /* UMMPPrefController.m */; };
		2619056A1461523900F0E558 /* UMMPPreset.h in Headers */ = {isa = PBXBuildFile; fileRef = 261905681461523900F0E558 /* UMMPPreset.h */; };
		263A96981442CD5C000758DB /* UMMPChart.h in Headers */ = {isa = PBXBuildFile; fileRef = 263A96961442CD5C000758DB /* UMMPChart.h */; };
		263A96991442CD5C000758DB /* UMMPChart.m in Sources */ = {isa = PBXBuildFile; fileRef = 263A96971442CD5C000758DB /* UMMPChart.m */; };
		263B2451143C32A3003B5A9F /* UMMPRoiList.h in Headers */ = {isa = PBXBuildFile; fileRef = 263B244F143C32A3003B5A9F /* UMMPRoiList.h */; };
		263B2452143C32A3003B5A9F /* UMMPRoiList.m in Sources */ = {isa = PBXBuildFile; fileRef = 263B2450143C32A3003B5A9F /* UMMPRoiList.m */; };
		264A578A14F2399B003B5B52 /* UMMPMapSelectionPanelController.h in Headers */ = {isa = PBXBuildFile; fileRef = 264A578814F2399A003B5B52 /* UMMPMapSelectionPanelController.h */; };
		264A578B14F2399B003B5B52 /* UMMPMapSelectionPanelController.m in Sources */ = {isa = PBXBuildFile; fileRef = 264A578914F2399A003B5B52 /* UMMPMapSelectionPanelController.m */; };
		2690CFB1147B868A00406C43 /* UMMPFastDeconvolution.h in Headers */ = {isa = PBXBuildFile; fileRef = 2690CFAF147B868A00406C43 /* UMMPFastDeconvolution.h */; };
		2690CFB2147B868A00406C43 /* UMMPFastDeconvolution.m in Sources */ = {isa = PBXBuildFile; fileRef = 2690CFB0147B868A00406C43 /* UMMPFastDeconvolution.m */; };
		2690CFB8147B870600406C43 /* MPFit.c in Sources */ = {isa = PBXBuildFile; fileRef = 2690CFB4147B870600406C43 /* MPFit.c */; };
		2690CFB9147B870600406C43 /* MPFit.h in Headers */ = {isa = PBXBuildFile; fileRef = 2690CFB5147B870600406C43 /* MPFit.h */; };
		2690CFBA147B870600406C43 /* SVDcmp.h in Headers */ = {isa = PBXBuildFile; fileRef = 2690CFB6147B870600406C43 /* SVDcmp.h */; };
		2690CFBB147B870600406C43 /* SVDcmp.m in Sources */ = {isa = PBXBuildFile; fileRef = 2690CFB7147B870600406C43 /* SVDcmp.m */; };
		2690CFBE147B890900406C43 /* UMMPCMPanel.xib in Resources */ = {isa = PBXBuildFile; fileRef = 2690CFBC147B890900406C43 /* UMMPCMPanel.xib */; };
		2690CFC4147B893200406C43 /* UMMPCMPanelController.h in Headers */ = {isa = PBXBuildFile; fileRef = 2690CFC0147B893100406C43 /* UMMPCMPanelController.h */; };
		2690CFC5147B893200406C43 /* UMMPCMPanelController.m in Sources */ = {isa = PBXBuildFile; fileRef = 2690CFC1147B893100406C43 /* UMMPCMPanelController.m */; };
		269D4F73144EAF5B00343017 /* UMMPViewerList.h in Headers */ = {isa = PBXBuildFile; fileRef = 269D4F71144EAF5B00343017 /* UMMPViewerList.h */; };
		269D4F74144EAF5B00343017 /* UMMPViewerList.m in Sources */ = {isa = PBXBuildFile; fileRef = 269D4F72144EAF5B00343017 /* UMMPViewerList.m */; };
		269D4F83144EDEF900343017 /* UMMPBinding.h in Headers */ = {isa = PBXBuildFile; fileRef = 269D4F81144EDEF900343017 /* UMMPBinding.h */; };
		269D4F84144EDEF900343017 /* UMMPBinding.m in Sources */ = {isa = PBXBuildFile; fileRef = 269D4F82144EDEF900343017 /* UMMPBinding.m */; };
		26BC96A014F65DE0004B4C02 /* UMMPReportChart.h in Headers */ = {isa = PBXBuildFile; fileRef = 26BC969E14F65DE0004B4C02 /* UMMPReportChart.h */; };
		26BC96A114F65DE0004B4C02 /* UMMPReportChart.m in Sources */ = {isa = PBXBuildFile; fileRef = 26BC969F14F65DE0004B4C02 /* UMMPReportChart.m */; };
		26CAD25314F77C8A00A3A1F4 /* UMMPReport.h in Headers */ = {isa = PBXBuildFile; fileRef = 26CAD25114F77C8900A3A1F4 /* UMMPReport.h */; };
		26CAD25414F77C8A00A3A1F4 /* UMMPReport.m in Sources */ = {isa = PBXBuildFile; fileRef = 26CAD25214F77C8900A3A1F4 /* UMMPReport.m */; };
		3FC565751D520B9B00594F28 /* UMMP2C2InletUptakePixelBasedMapController.h in Headers */ = {isa = PBXBuildFile; fileRef = 3FC565731D520B9B00594F28 /* UMMP2C2InletUptakePixelBasedMapController.h */; };
		3FC565761D520B9B00594F28 /* UMMP2C2InletUptakePixelBasedMapController.m in Sources */ = {isa = PBXBuildFile; fileRef = 3FC565741D520B9B00594F28 /* UMMP2C2InletUptakePixelBasedMapController.m */; };
		3FDF73771D50A89100276D46 /* UMMP2C2InletRoiBasedController.h in Headers */ = {isa = PBXBuildFile; fileRef = 3FDF73751D50A89100276D46 /* UMMP2C2InletRoiBasedController.h */; };
		3FDF73781D50A89100276D46 /* UMMP2C2InletRoiBasedController.m in Sources */ = {isa = PBXBuildFile; fileRef = 3FDF73761D50A89100276D46 /* UMMP2C2InletRoiBasedController.m */; };
		560CCBE91B79DF9200F2CE76 /* UMMPPreset.m in Sources */ = {isa = PBXBuildFile; fileRef = 560CCBE81B79DF9200F2CE76 /* UMMPPreset.m */; };
		8D5B49AE048680CD000E48DA /* UMMPerfusion_Prefix.pch in Headers */ = {isa = PBXBuildFile; fileRef = 32DBCF630370AF2F00C91783 /* UMMPerfusion_Prefix.pch */; };
		8D5B49B0048680CD000E48DA /* InfoPlist.strings in Resources */ = {isa = PBXBuildFile; fileRef = 089C167DFE841241C02AAC07 /* InfoPlist.strings */; };
		8D5B49B4048680CD000E48DA /* Cocoa.framework in Frameworks */ = {isa = PBXBuildFile; fileRef = 1058C7ADFEA557BF11CA2CBB /* Cocoa.framework */; };
		ABA48A650680BB600089EB4F /* UMMPerfusionFilter.h in Headers */ = {isa = PBXBuildFile; fileRef = ABA48A640680BB600089EB4F /* UMMPerfusionFilter.h */; };
		ABA48A670680BB690089EB4F /* UMMPerfusionFilter.m in Sources */ = {isa = PBXBuildFile; fileRef = ABA48A660680BB690089EB4F /* UMMPerfusionFilter.m */; };
/* End PBXBuildFile section */

/* Begin PBXFileReference section */
		089C1672FE841209C02AAC07 /* Foundation.framework */ = {isa = PBXFileReference; lastKnownFileType = wrapper.framework; name = Foundation.framework; path = /System/Library/Frameworks/Foundation.framework; sourceTree = "<absolute>"; };
		089C167EFE841241C02AAC07 /* English */ = {isa = PBXFileReference; fileEncoding = 10; lastKnownFileType = text.plist.strings; name = English; path = English.lproj/InfoPlist.strings; sourceTree = "<group>"; };
		089C167FFE841241C02AAC07 /* AppKit.framework */ = {isa = PBXFileReference; lastKnownFileType = wrapper.framework; name = AppKit.framework; path = /System/Library/Frameworks/AppKit.framework; sourceTree = "<absolute>"; };
		0C25D4A015BFEAC1009F8844 /* UMMPPreferencePanel.xib */ = {isa = PBXFileReference; fileEncoding = 4; lastKnownFileType = file.xib; path = UMMPPreferencePanel.xib; sourceTree = "<group>"; };
		0C4AC491181935790019CE27 /* import.png */ = {isa = PBXFileReference; lastKnownFileType = image.png; path = import.png; sourceTree = "<group>"; };
		0C76E47415CA5DDA00717E29 /* DCMAttribute.h */ = {isa = PBXFileReference; fileEncoding = 4; lastKnownFileType = sourcecode.c.h; path = DCMAttribute.h; sourceTree = "<group>"; };
		0C76E47615CA64DF00717E29 /* DCMSequenceAttribute.h */ = {isa = PBXFileReference; fileEncoding = 4; lastKnownFileType = sourcecode.c.h; path = DCMSequenceAttribute.h; sourceTree = "<group>"; };
		0C76E47815CA6DB800717E29 /* DCMAttributeTag.h */ = {isa = PBXFileReference; fileEncoding = 4; lastKnownFileType = sourcecode.c.h; path = DCMAttributeTag.h; sourceTree = "<group>"; };
		0C86C4F2157F580A009CE02D /* UMMPUserDefaults.h */ = {isa = PBXFileReference; fileEncoding = 4; lastKnownFileType = sourcecode.c.h; path = UMMPUserDefaults.h; sourceTree = "<group>"; };
		0C86C4F3157F580A009CE02D /* UMMPUserDefaults.m */ = {isa = PBXFileReference; fileEncoding = 4; lastKnownFileType = sourcecode.c.objc; path = UMMPUserDefaults.m; sourceTree = "<group>"; };
		0C9202F615B93C1C00E1FE9B /* UMMPAFAllMapsController.h */ = {isa = PBXFileReference; fileEncoding = 4; lastKnownFileType = sourcecode.c.h; path = UMMPAFAllMapsController.h; sourceTree = "<group>"; };
		0C9202F715B93C1C00E1FE9B /* UMMPAFAllMapsController.m */ = {isa = PBXFileReference; fileEncoding = 4; lastKnownFileType = sourcecode.c.objc; path = UMMPAFAllMapsController.m; sourceTree = "<group>"; };
		0C9523F115931898007D04B6 /* UMMPPixelBasedMapController.h */ = {isa = PBXFileReference; fileEncoding = 4; lastKnownFileType = sourcecode.c.h; path = UMMPPixelBasedMapController.h; sourceTree = "<group>"; };
		0C9523F215931898007D04B6 /* UMMPPixelBasedMapController.m */ = {isa = PBXFileReference; fileEncoding = 4; lastKnownFileType = sourcecode.c.objc; path = UMMPPixelBasedMapController.m; sourceTree = "<group>"; };
		0CBD7EF71588B9FA00A5966E /* UMMPPanel.xib */ = {isa = PBXFileReference; lastKnownFileType = file.xib; path = UMMPPanel.xib; sourceTree = "<group>"; };
		0CBF7B5215861042001F20F0 /* UMMPAFOneAlgorithmController.h */ = {isa = PBXFileReference; fileEncoding = 4; lastKnownFileType = sourcecode.c.h; path = UMMPAFOneAlgorithmController.h; sourceTree = "<group>"; };
		0CBF7B5315861042001F20F0 /* UMMPAFOneAlgorithmController.m */ = {isa = PBXFileReference; fileEncoding = 4; lastKnownFileType = sourcecode.c.objc; path = UMMPAFOneAlgorithmController.m; sourceTree = "<group>"; };
		0CBF7B5415861042001F20F0 /* UMMPAFOneROIController.h */ = {isa = PBXFileReference; fileEncoding = 4; lastKnownFileType = sourcecode.c.h; path = UMMPAFOneROIController.h; sourceTree = "<group>"; };
		0CBF7B5515861042001F20F0 /* UMMPAFOneROIController.m */ = {isa = PBXFileReference; fileEncoding = 4; lastKnownFileType = sourcecode.c.objc; path = UMMPAFOneROIController.m; sourceTree = "<group>"; };
		0CD7217815933A6100066C2F /* UMMPRoiBasedController.h */ = {isa = PBXFileReference; fileEncoding = 4; lastKnownFileType = sourcecode.c.h; path = UMMPRoiBasedController.h; sourceTree = "<group>"; };
		0CD7217915933A6100066C2F /* UMMPRoiBasedController.m */ = {isa = PBXFileReference; fileEncoding = 4; lastKnownFileType = sourcecode.c.objc; path = UMMPRoiBasedController.m; sourceTree = "<group>"; };
		0CDE177A15C7C736005BC69C /* curve.png */ = {isa = PBXFileReference; lastKnownFileType = image.png; path = curve.png; sourceTree = "<group>"; };
		0CDE179115C9175B005BC69C /* UMMPViewer.png */ = {isa = PBXFileReference; lastKnownFileType = image.png; path = UMMPViewer.png; sourceTree = "<group>"; };
		1058C7ADFEA557BF11CA2CBB /* Cocoa.framework */ = {isa = PBXFileReference; lastKnownFileType = wrapper.framework; name = Cocoa.framework; path = /System/Library/Frameworks/Cocoa.framework; sourceTree = "<absolute>"; };
		1440E5B61505FFCD008988E2 /* OsiriXAPI.framework */ = {isa = PBXFileReference; lastKnownFileType = wrapper.framework; path = OsiriXAPI.framework; sourceTree = "<group>"; };
		1457F27F143B2EDB0047E548 /* UMMPPanelController.h */ = {isa = PBXFileReference; fileEncoding = 4; lastKnownFileType = sourcecode.c.h; path = UMMPPanelController.h; sourceTree = "<group>"; };
		1457F280143B2EDB0047E548 /* UMMPPanelController.m */ = {isa = PBXFileReference; fileEncoding = 4; lastKnownFileType = sourcecode.c.objc; path = UMMPPanelController.m; sourceTree = "<group>"; };
		1457F29D143B321F0047E548 /* plugin.png */ = {isa = PBXFileReference; lastKnownFileType = image.png; path = plugin.png; sourceTree = "<group>"; };
		1457F2A3143B333F0047E548 /* UMMPAlgorithmController.h */ = {isa = PBXFileReference; fileEncoding = 4; lastKnownFileType = sourcecode.c.h; path = UMMPAlgorithmController.h; sourceTree = "<group>"; };
		1457F2A4143B333F0047E548 /* UMMPAlgorithmController.m */ = {isa = PBXFileReference; fileEncoding = 4; lastKnownFileType = sourcecode.c.objc; path = UMMPAlgorithmController.m; sourceTree = "<group>"; };
		1457F2AC143B33F60047E548 /* UMMPFastDeconvolutionController.h */ = {isa = PBXFileReference; fileEncoding = 4; lastKnownFileType = sourcecode.c.h; path = UMMPFastDeconvolutionController.h; sourceTree = "<group>"; };
		1457F2AD143B33F60047E548 /* UMMPFastDeconvolutionController.m */ = {isa = PBXFileReference; fileEncoding = 4; lastKnownFileType = sourcecode.c.objc; path = UMMPFastDeconvolutionController.m; sourceTree = "<group>"; };
		14603E4E143C893B008F31C5 /* GraphKit.framework */ = {isa = PBXFileReference; lastKnownFileType = wrapper.framework; path = GraphKit.framework; sourceTree = "<group>"; };
		14D4E036143C86F900F630A6 /* DCMCalendarDate.h */ = {isa = PBXFileReference; fileEncoding = 4; lastKnownFileType = sourcecode.c.h; path = DCMCalendarDate.h; sourceTree = "<group>"; };
		14D4E037143C86F900F630A6 /* DCMObject.h */ = {isa = PBXFileReference; fileEncoding = 4; lastKnownFileType = sourcecode.c.h; path = DCMObject.h; sourceTree = "<group>"; };
		14D4E03A143C870400F630A6 /* GRAreaDataSet.h */ = {isa = PBXFileReference; fileEncoding = 4; lastKnownFileType = sourcecode.c.h; path = GRAreaDataSet.h; sourceTree = "<group>"; };
		14D4E03B143C870400F630A6 /* GRAxes.h */ = {isa = PBXFileReference; fileEncoding = 4; lastKnownFileType = sourcecode.c.h; path = GRAxes.h; sourceTree = "<group>"; };
		14D4E03C143C870400F630A6 /* GRChartView.h */ = {isa = PBXFileReference; fileEncoding = 4; lastKnownFileType = sourcecode.c.h; path = GRChartView.h; sourceTree = "<group>"; };
		14D4E03D143C870400F630A6 /* GRColumnDataSet.h */ = {isa = PBXFileReference; fileEncoding = 4; lastKnownFileType = sourcecode.c.h; path = GRColumnDataSet.h; sourceTree = "<group>"; };
		14D4E03E143C870400F630A6 /* GRDataSet.h */ = {isa = PBXFileReference; fileEncoding = 4; lastKnownFileType = sourcecode.c.h; path = GRDataSet.h; sourceTree = "<group>"; };
		14D4E03F143C870400F630A6 /* GRLineDataSet.h */ = {isa = PBXFileReference; fileEncoding = 4; lastKnownFileType = sourcecode.c.h; path = GRLineDataSet.h; sourceTree = "<group>"; };
		14D4E040143C870400F630A6 /* GRPieDataSet.h */ = {isa = PBXFileReference; fileEncoding = 4; lastKnownFileType = sourcecode.c.h; path = GRPieDataSet.h; sourceTree = "<group>"; };
		14D4E041143C870400F630A6 /* GRXYDataSet.h */ = {isa = PBXFileReference; fileEncoding = 4; lastKnownFileType = sourcecode.c.h; path = GRXYDataSet.h; sourceTree = "<group>"; };
		2603A6A714ED24B2005CE48C /* MPCurveFit.c */ = {isa = PBXFileReference; fileEncoding = 4; lastKnownFileType = sourcecode.c.c; path = MPCurveFit.c; sourceTree = "<group>"; };
		2603A6A814ED24B2005CE48C /* MPCurveFit.h */ = {isa = PBXFileReference; fileEncoding = 4; lastKnownFileType = sourcecode.c.h; path = MPCurveFit.h; sourceTree = "<group>"; };
		2619055314612C6A00F0E558 /* UMMPPrefController.h */ = {isa = PBXFileReference; fileEncoding = 4; lastKnownFileType = sourcecode.c.h; path = UMMPPrefController.h; sourceTree = "<group>"; };
		2619055414612C6A00F0E558 /* UMMPPrefController.m */ = {isa = PBXFileReference; fileEncoding = 4; lastKnownFileType = sourcecode.c.objc; path = UMMPPrefController.m; sourceTree = "<group>"; };
		261905681461523900F0E558 /* UMMPPreset.h */ = {isa = PBXFileReference; fileEncoding = 4; lastKnownFileType = sourcecode.c.h; path = UMMPPreset.h; sourceTree = "<group>"; };
		263A96961442CD5C000758DB /* UMMPChart.h */ = {isa = PBXFileReference; fileEncoding = 4; lastKnownFileType = sourcecode.c.h; path = UMMPChart.h; sourceTree = "<group>"; };
		263A96971442CD5C000758DB /* UMMPChart.m */ = {isa = PBXFileReference; fileEncoding = 4; lastKnownFileType = sourcecode.c.objc; path = UMMPChart.m; sourceTree = "<group>"; };
		263B244F143C32A3003B5A9F /* UMMPRoiList.h */ = {isa = PBXFileReference; fileEncoding = 4; lastKnownFileType = sourcecode.c.h; path = UMMPRoiList.h; sourceTree = "<group>"; };
		263B2450143C32A3003B5A9F /* UMMPRoiList.m */ = {isa = PBXFileReference; fileEncoding = 4; lastKnownFileType = sourcecode.c.objc; path = UMMPRoiList.m; sourceTree = "<group>"; };
		264A578814F2399A003B5B52 /* UMMPMapSelectionPanelController.h */ = {isa = PBXFileReference; fileEncoding = 4; lastKnownFileType = sourcecode.c.h; path = UMMPMapSelectionPanelController.h; sourceTree = "<group>"; };
		264A578914F2399A003B5B52 /* UMMPMapSelectionPanelController.m */ = {isa = PBXFileReference; fileEncoding = 4; lastKnownFileType = sourcecode.c.objc; path = UMMPMapSelectionPanelController.m; sourceTree = "<group>"; };
		2690CFAF147B868A00406C43 /* UMMPFastDeconvolution.h */ = {isa = PBXFileReference; fileEncoding = 4; lastKnownFileType = sourcecode.c.h; path = UMMPFastDeconvolution.h; sourceTree = "<group>"; };
		2690CFB0147B868A00406C43 /* UMMPFastDeconvolution.m */ = {isa = PBXFileReference; fileEncoding = 4; lastKnownFileType = sourcecode.c.objc; path = UMMPFastDeconvolution.m; sourceTree = "<group>"; };
		2690CFB4147B870600406C43 /* MPFit.c */ = {isa = PBXFileReference; fileEncoding = 4; lastKnownFileType = sourcecode.c.c; path = MPFit.c; sourceTree = "<group>"; };
		2690CFB5147B870600406C43 /* MPFit.h */ = {isa = PBXFileReference; fileEncoding = 4; lastKnownFileType = sourcecode.c.h; path = MPFit.h; sourceTree = "<group>"; };
		2690CFB6147B870600406C43 /* SVDcmp.h */ = {isa = PBXFileReference; fileEncoding = 4; lastKnownFileType = sourcecode.c.h; path = SVDcmp.h; sourceTree = "<group>"; };
		2690CFB7147B870600406C43 /* SVDcmp.m */ = {isa = PBXFileReference; fileEncoding = 4; lastKnownFileType = sourcecode.c.objc; path = SVDcmp.m; sourceTree = "<group>"; };
		2690CFBC147B890900406C43 /* UMMPCMPanel.xib */ = {isa = PBXFileReference; fileEncoding = 4; lastKnownFileType = file.xib; path = UMMPCMPanel.xib; sourceTree = "<group>"; };
		2690CFC0147B893100406C43 /* UMMPCMPanelController.h */ = {isa = PBXFileReference; fileEncoding = 4; lastKnownFileType = sourcecode.c.h; path = UMMPCMPanelController.h; sourceTree = "<group>"; };
		2690CFC1147B893100406C43 /* UMMPCMPanelController.m */ = {isa = PBXFileReference; fileEncoding = 4; lastKnownFileType = sourcecode.c.objc; path = UMMPCMPanelController.m; sourceTree = "<group>"; };
		269D4F71144EAF5B00343017 /* UMMPViewerList.h */ = {isa = PBXFileReference; fileEncoding = 4; lastKnownFileType = sourcecode.c.h; path = UMMPViewerList.h; sourceTree = "<group>"; };
		269D4F72144EAF5B00343017 /* UMMPViewerList.m */ = {isa = PBXFileReference; fileEncoding = 4; lastKnownFileType = sourcecode.c.objc; path = UMMPViewerList.m; sourceTree = "<group>"; };
		269D4F81144EDEF900343017 /* UMMPBinding.h */ = {isa = PBXFileReference; fileEncoding = 4; lastKnownFileType = sourcecode.c.h; path = UMMPBinding.h; sourceTree = "<group>"; };
		269D4F82144EDEF900343017 /* UMMPBinding.m */ = {isa = PBXFileReference; fileEncoding = 4; lastKnownFileType = sourcecode.c.objc; path = UMMPBinding.m; sourceTree = "<group>"; };
		26BC969E14F65DE0004B4C02 /* UMMPReportChart.h */ = {isa = PBXFileReference; fileEncoding = 4; lastKnownFileType = sourcecode.c.h; path = UMMPReportChart.h; sourceTree = "<group>"; };
		26BC969F14F65DE0004B4C02 /* UMMPReportChart.m */ = {isa = PBXFileReference; fileEncoding = 4; lastKnownFileType = sourcecode.c.objc; path = UMMPReportChart.m; sourceTree = "<group>"; };
		26CAD25114F77C8900A3A1F4 /* UMMPReport.h */ = {isa = PBXFileReference; fileEncoding = 4; lastKnownFileType = sourcecode.c.h; path = UMMPReport.h; sourceTree = "<group>"; };
		26CAD25214F77C8900A3A1F4 /* UMMPReport.m */ = {isa = PBXFileReference; fileEncoding = 4; lastKnownFileType = sourcecode.c.objc; path = UMMPReport.m; sourceTree = "<group>"; };
		32DBCF630370AF2F00C91783 /* UMMPerfusion_Prefix.pch */ = {isa = PBXFileReference; fileEncoding = 4; lastKnownFileType = sourcecode.c.h; path = UMMPerfusion_Prefix.pch; sourceTree = "<group>"; };
		3FC565731D520B9B00594F28 /* UMMP2C2InletUptakePixelBasedMapController.h */ = {isa = PBXFileReference; fileEncoding = 4; lastKnownFileType = sourcecode.c.h; path = UMMP2C2InletUptakePixelBasedMapController.h; sourceTree = "<group>"; };
		3FC565741D520B9B00594F28 /* UMMP2C2InletUptakePixelBasedMapController.m */ = {isa = PBXFileReference; fileEncoding = 4; lastKnownFileType = sourcecode.c.objc; path = UMMP2C2InletUptakePixelBasedMapController.m; sourceTree = "<group>"; };
		3FDF73751D50A89100276D46 /* UMMP2C2InletRoiBasedController.h */ = {isa = PBXFileReference; fileEncoding = 4; lastKnownFileType = sourcecode.c.h; path = UMMP2C2InletRoiBasedController.h; sourceTree = "<group>"; };
		3FDF73761D50A89100276D46 /* UMMP2C2InletRoiBasedController.m */ = {isa = PBXFileReference; fileEncoding = 4; lastKnownFileType = sourcecode.c.objc; path = UMMP2C2InletRoiBasedController.m; sourceTree = "<group>"; };
		560CCBE81B79DF9200F2CE76 /* UMMPPreset.m */ = {isa = PBXFileReference; fileEncoding = 4; lastKnownFileType = sourcecode.c.objc; path = UMMPPreset.m; sourceTree = "<group>"; };
		8D5B49B7048680CD000E48DA /* Info.plist */ = {isa = PBXFileReference; fileEncoding = 4; lastKnownFileType = text.plist.xml; path = Info.plist; sourceTree = "<group>"; };
		AB5D36050680E57E00F4007A /* UMMPerfusion.osirixplugin */ = {isa = PBXFileReference; explicitFileType = wrapper.cfbundle; includeInIndex = 0; path = UMMPerfusion.osirixplugin; sourceTree = BUILT_PRODUCTS_DIR; };
		ABA48A640680BB600089EB4F /* UMMPerfusionFilter.h */ = {isa = PBXFileReference; fileEncoding = 30; lastKnownFileType = sourcecode.c.h; path = UMMPerfusionFilter.h; sourceTree = "<group>"; };
		ABA48A660680BB690089EB4F /* UMMPerfusionFilter.m */ = {isa = PBXFileReference; fileEncoding = 30; lastKnownFileType = sourcecode.c.objc; path = UMMPerfusionFilter.m; sourceTree = "<group>"; };
/* End PBXFileReference section */

/* Begin PBXFrameworksBuildPhase section */
		8D5B49B3048680CD000E48DA /* Frameworks */ = {
			isa = PBXFrameworksBuildPhase;
			buildActionMask = 2147483647;
			files = (
				8D5B49B4048680CD000E48DA /* Cocoa.framework in Frameworks */,
				14603E4F143C893B008F31C5 /* GraphKit.framework in Frameworks */,
				1440E5B71505FFCD008988E2 /* OsiriXAPI.framework in Frameworks */,
			);
			runOnlyForDeploymentPostprocessing = 0;
		};
/* End PBXFrameworksBuildPhase section */

/* Begin PBXGroup section */
		089C166AFE841209C02AAC07 /* UMMPerfusion */ = {
			isa = PBXGroup;
			children = (
				AB2C26750677B0C400A08910 /* UMMPerfusionFilter */,
				089C167CFE841241C02AAC07 /* Resources */,
				32C88E010371C26100C91783 /* Other Sources */,
				089C1671FE841209C02AAC07 /* Frameworks and Libraries */,
				19C28FB8FE9D52D311CA2CBB /* Products */,
			);
			name = UMMPerfusion;
			sourceTree = "<group>";
		};
		089C1671FE841209C02AAC07 /* Frameworks and Libraries */ = {
			isa = PBXGroup;
			children = (
				141D97A0143C79DA0056A9D1 /* Headers */,
				1058C7ACFEA557BF11CA2CBB /* Linked Frameworks */,
				1058C7AEFEA557BF11CA2CBB /* Other Frameworks */,
			);
			name = "Frameworks and Libraries";
			sourceTree = "<group>";
		};
		089C167CFE841241C02AAC07 /* Resources */ = {
			isa = PBXGroup;
			children = (
				0C38CBCC15CFA0A5004A97B0 /* icons */,
				0CBD7EF71588B9FA00A5966E /* UMMPPanel.xib */,
				2690CFBC147B890900406C43 /* UMMPCMPanel.xib */,
				8D5B49B7048680CD000E48DA /* Info.plist */,
				089C167DFE841241C02AAC07 /* InfoPlist.strings */,
				0C25D4A015BFEAC1009F8844 /* UMMPPreferencePanel.xib */,
			);
			name = Resources;
			sourceTree = "<group>";
		};
		0C153E7315946FB0000CBD58 /* model free */ = {
			isa = PBXGroup;
			children = (
				1457F2AC143B33F60047E548 /* UMMPFastDeconvolutionController.h */,
				1457F2AD143B33F60047E548 /* UMMPFastDeconvolutionController.m */,
			);
			name = "model free";
			sourceTree = "<group>";
		};
		0C153E7E15947038000CBD58 /* Classes */ = {
			isa = PBXGroup;
			children = (
				ABA48A640680BB600089EB4F /* UMMPerfusionFilter.h */,
				ABA48A660680BB690089EB4F /* UMMPerfusionFilter.m */,
				263B244F143C32A3003B5A9F /* UMMPRoiList.h */,
				263B2450143C32A3003B5A9F /* UMMPRoiList.m */,
				269D4F71144EAF5B00343017 /* UMMPViewerList.h */,
				269D4F72144EAF5B00343017 /* UMMPViewerList.m */,
				263A96961442CD5C000758DB /* UMMPChart.h */,
				263A96971442CD5C000758DB /* UMMPChart.m */,
				269D4F81144EDEF900343017 /* UMMPBinding.h */,
				269D4F82144EDEF900343017 /* UMMPBinding.m */,
				261905681461523900F0E558 /* UMMPPreset.h */,
				560CCBE81B79DF9200F2CE76 /* UMMPPreset.m */,
				26CAD25114F77C8900A3A1F4 /* UMMPReport.h */,
				26CAD25214F77C8900A3A1F4 /* UMMPReport.m */,
				26BC969E14F65DE0004B4C02 /* UMMPReportChart.h */,
				26BC969F14F65DE0004B4C02 /* UMMPReportChart.m */,
				0C86C4F2157F580A009CE02D /* UMMPUserDefaults.h */,
				0C86C4F3157F580A009CE02D /* UMMPUserDefaults.m */,
			);
			name = Classes;
			sourceTree = "<group>";
		};
		0C38CBCC15CFA0A5004A97B0 /* icons */ = {
			isa = PBXGroup;
			children = (
				0C4AC491181935790019CE27 /* import.png */,
				0CDE179115C9175B005BC69C /* UMMPViewer.png */,
				0CDE177A15C7C736005BC69C /* curve.png */,
				1457F29D143B321F0047E548 /* plugin.png */,
			);
			name = icons;
			sourceTree = "<group>";
		};
		0CBD7F7C1588C64600A5966E /* Advanced Featuers */ = {
			isa = PBXGroup;
			children = (
				0CBF7B5215861042001F20F0 /* UMMPAFOneAlgorithmController.h */,
				0CBF7B5315861042001F20F0 /* UMMPAFOneAlgorithmController.m */,
				0CBF7B5415861042001F20F0 /* UMMPAFOneROIController.h */,
				0CBF7B5515861042001F20F0 /* UMMPAFOneROIController.m */,
				0C9202F615B93C1C00E1FE9B /* UMMPAFAllMapsController.h */,
				0C9202F715B93C1C00E1FE9B /* UMMPAFAllMapsController.m */,
			);
			name = "Advanced Featuers";
			sourceTree = "<group>";
		};
		0CBD7F7D1588C73A00A5966E /* ROI based */ = {
			isa = PBXGroup;
			children = (
				0CD7217815933A6100066C2F /* UMMPRoiBasedController.h */,
				0CD7217915933A6100066C2F /* UMMPRoiBasedController.m */,
				3FDF73751D50A89100276D46 /* UMMP2C2InletRoiBasedController.h */,
				3FDF73761D50A89100276D46 /* UMMP2C2InletRoiBasedController.m */,
			);
			name = "ROI based";
			sourceTree = "<group>";
		};
		0CBD7F7E1588C74900A5966E /* Pixel based */ = {
			isa = PBXGroup;
			children = (
				0C9523F115931898007D04B6 /* UMMPPixelBasedMapController.h */,
				0C9523F215931898007D04B6 /* UMMPPixelBasedMapController.m */,
				3FC565731D520B9B00594F28 /* UMMP2C2InletUptakePixelBasedMapController.h */,
				3FC565741D520B9B00594F28 /* UMMP2C2InletUptakePixelBasedMapController.m */,
			);
			name = "Pixel based";
			sourceTree = "<group>";
		};
		1058C7ACFEA557BF11CA2CBB /* Linked Frameworks */ = {
			isa = PBXGroup;
			children = (
				1440E5B61505FFCD008988E2 /* OsiriXAPI.framework */,
				1058C7ADFEA557BF11CA2CBB /* Cocoa.framework */,
				14603E4E143C893B008F31C5 /* GraphKit.framework */,
			);
			name = "Linked Frameworks";
			sourceTree = "<group>";
		};
		1058C7AEFEA557BF11CA2CBB /* Other Frameworks */ = {
			isa = PBXGroup;
			children = (
				089C1672FE841209C02AAC07 /* Foundation.framework */,
				089C167FFE841241C02AAC07 /* AppKit.framework */,
			);
			name = "Other Frameworks";
			sourceTree = "<group>";
		};
		141D97A0143C79DA0056A9D1 /* Headers */ = {
			isa = PBXGroup;
			children = (
				14D4E030143C865400F630A6 /* DCM */,
				14D4E02F143C864A00F630A6 /* GraphKit */,
			);
			path = Headers;
			sourceTree = "<group>";
		};
		1457F2AB143B338D0047E548 /* Controller */ = {
			isa = PBXGroup;
			children = (
				1457F27F143B2EDB0047E548 /* UMMPPanelController.h */,
				1457F280143B2EDB0047E548 /* UMMPPanelController.m */,
				1457F2A3143B333F0047E548 /* UMMPAlgorithmController.h */,
				1457F2A4143B333F0047E548 /* UMMPAlgorithmController.m */,
				2619055314612C6A00F0E558 /* UMMPPrefController.h */,
				2619055414612C6A00F0E558 /* UMMPPrefController.m */,
				2690CFC0147B893100406C43 /* UMMPCMPanelController.h */,
				2690CFC1147B893100406C43 /* UMMPCMPanelController.m */,
				264A578814F2399A003B5B52 /* UMMPMapSelectionPanelController.h */,
				264A578914F2399A003B5B52 /* UMMPMapSelectionPanelController.m */,
				0C153E7315946FB0000CBD58 /* model free */,
				0CBD7F7D1588C73A00A5966E /* ROI based */,
				0CBD7F7E1588C74900A5966E /* Pixel based */,
				0CBD7F7C1588C64600A5966E /* Advanced Featuers */,
			);
			name = Controller;
			sourceTree = "<group>";
		};
		14D4E02F143C864A00F630A6 /* GraphKit */ = {
			isa = PBXGroup;
			children = (
				14D4E03A143C870400F630A6 /* GRAreaDataSet.h */,
				14D4E03B143C870400F630A6 /* GRAxes.h */,
				14D4E03C143C870400F630A6 /* GRChartView.h */,
				14D4E03D143C870400F630A6 /* GRColumnDataSet.h */,
				14D4E03E143C870400F630A6 /* GRDataSet.h */,
				14D4E03F143C870400F630A6 /* GRLineDataSet.h */,
				14D4E040143C870400F630A6 /* GRPieDataSet.h */,
				14D4E041143C870400F630A6 /* GRXYDataSet.h */,
			);
			path = GraphKit;
			sourceTree = "<group>";
		};
		14D4E030143C865400F630A6 /* DCM */ = {
			isa = PBXGroup;
			children = (
				0C76E47815CA6DB800717E29 /* DCMAttributeTag.h */,
				0C76E47615CA64DF00717E29 /* DCMSequenceAttribute.h */,
				0C76E47415CA5DDA00717E29 /* DCMAttribute.h */,
				14D4E036143C86F900F630A6 /* DCMCalendarDate.h */,
				14D4E037143C86F900F630A6 /* DCMObject.h */,
			);
			path = DCM;
			sourceTree = "<group>";
		};
		19C28FB8FE9D52D311CA2CBB /* Products */ = {
			isa = PBXGroup;
			children = (
				AB5D36050680E57E00F4007A /* UMMPerfusion.osirixplugin */,
			);
			name = Products;
			sourceTree = "<group>";
		};
		2690CFAE147B863F00406C43 /* Algorithm */ = {
			isa = PBXGroup;
			children = (
				2690CFB3147B86C200406C43 /* Util */,
				2690CFAF147B868A00406C43 /* UMMPFastDeconvolution.h */,
				2690CFB0147B868A00406C43 /* UMMPFastDeconvolution.m */,
				2603A6A814ED24B2005CE48C /* MPCurveFit.h */,
				2603A6A714ED24B2005CE48C /* MPCurveFit.c */,
			);
			name = Algorithm;
			sourceTree = "<group>";
		};
		2690CFB3147B86C200406C43 /* Util */ = {
			isa = PBXGroup;
			children = (
				2690CFB5147B870600406C43 /* MPFit.h */,
				2690CFB4147B870600406C43 /* MPFit.c */,
				2690CFB6147B870600406C43 /* SVDcmp.h */,
				2690CFB7147B870600406C43 /* SVDcmp.m */,
			);
			name = Util;
			sourceTree = "<group>";
		};
		32C88E010371C26100C91783 /* Other Sources */ = {
			isa = PBXGroup;
			children = (
				32DBCF630370AF2F00C91783 /* UMMPerfusion_Prefix.pch */,
			);
			name = "Other Sources";
			sourceTree = "<group>";
		};
		AB2C26750677B0C400A08910 /* UMMPerfusionFilter */ = {
			isa = PBXGroup;
			children = (
				2690CFAE147B863F00406C43 /* Algorithm */,
				1457F2AB143B338D0047E548 /* Controller */,
				0C153E7E15947038000CBD58 /* Classes */,
			);
			name = UMMPerfusionFilter;
			sourceTree = "<group>";
		};
/* End PBXGroup section */

/* Begin PBXHeadersBuildPhase section */
		8D5B49AD048680CD000E48DA /* Headers */ = {
			isa = PBXHeadersBuildPhase;
			buildActionMask = 2147483647;
			files = (
				8D5B49AE048680CD000E48DA /* UMMPerfusion_Prefix.pch in Headers */,
				ABA48A650680BB600089EB4F /* UMMPerfusionFilter.h in Headers */,
				1457F281143B2EDB0047E548 /* UMMPPanelController.h in Headers */,
				1457F2A5143B333F0047E548 /* UMMPAlgorithmController.h in Headers */,
				1457F2AE143B33F60047E548 /* UMMPFastDeconvolutionController.h in Headers */,
				263B2451143C32A3003B5A9F /* UMMPRoiList.h in Headers */,
				14D4E038143C86F900F630A6 /* DCMCalendarDate.h in Headers */,
				14D4E039143C86F900F630A6 /* DCMObject.h in Headers */,
				3FC565751D520B9B00594F28 /* UMMP2C2InletUptakePixelBasedMapController.h in Headers */,
				14D4E042143C870400F630A6 /* GRAreaDataSet.h in Headers */,
				14D4E043143C870400F630A6 /* GRAxes.h in Headers */,
				14D4E044143C870400F630A6 /* GRChartView.h in Headers */,
				14D4E045143C870400F630A6 /* GRColumnDataSet.h in Headers */,
				14D4E046143C870400F630A6 /* GRDataSet.h in Headers */,
				14D4E047143C870400F630A6 /* GRLineDataSet.h in Headers */,
				14D4E048143C870400F630A6 /* GRPieDataSet.h in Headers */,
				14D4E049143C870400F630A6 /* GRXYDataSet.h in Headers */,
				263A96981442CD5C000758DB /* UMMPChart.h in Headers */,
				269D4F73144EAF5B00343017 /* UMMPViewerList.h in Headers */,
				269D4F83144EDEF900343017 /* UMMPBinding.h in Headers */,
				2619055514612C6A00F0E558 /* UMMPPrefController.h in Headers */,
				2619056A1461523900F0E558 /* UMMPPreset.h in Headers */,
				2690CFB1147B868A00406C43 /* UMMPFastDeconvolution.h in Headers */,
				2690CFB9147B870600406C43 /* MPFit.h in Headers */,
				2690CFBA147B870600406C43 /* SVDcmp.h in Headers */,
				2690CFC4147B893200406C43 /* UMMPCMPanelController.h in Headers */,
				2603A6AA14ED24B2005CE48C /* MPCurveFit.h in Headers */,
				264A578A14F2399B003B5B52 /* UMMPMapSelectionPanelController.h in Headers */,
				26BC96A014F65DE0004B4C02 /* UMMPReportChart.h in Headers */,
				26CAD25314F77C8A00A3A1F4 /* UMMPReport.h in Headers */,
				0C86C4F4157F580A009CE02D /* UMMPUserDefaults.h in Headers */,
				0CBF7B5615861042001F20F0 /* UMMPAFOneAlgorithmController.h in Headers */,
				0CBF7B5815861042001F20F0 /* UMMPAFOneROIController.h in Headers */,
				0C9523F315931898007D04B6 /* UMMPPixelBasedMapController.h in Headers */,
				3FDF73771D50A89100276D46 /* UMMP2C2InletRoiBasedController.h in Headers */,
				0CD7217A15933A6100066C2F /* UMMPRoiBasedController.h in Headers */,
				0C9202F815B93C1C00E1FE9B /* UMMPAFAllMapsController.h in Headers */,
				0C76E47515CA5DDA00717E29 /* DCMAttribute.h in Headers */,
				0C76E47715CA64DF00717E29 /* DCMSequenceAttribute.h in Headers */,
				0C76E47915CA6DB800717E29 /* DCMAttributeTag.h in Headers */,
			);
			runOnlyForDeploymentPostprocessing = 0;
		};
/* End PBXHeadersBuildPhase section */

/* Begin PBXNativeTarget section */
		8D5B49AC048680CD000E48DA /* UMMPerfusion */ = {
			isa = PBXNativeTarget;
			buildConfigurationList = CE6A9A9008AC841300D0C1EE /* Build configuration list for PBXNativeTarget "UMMPerfusion" */;
			buildPhases = (
				8D5B49AD048680CD000E48DA /* Headers */,
				8D5B49AF048680CD000E48DA /* Resources */,
				8D5B49B1048680CD000E48DA /* Sources */,
				8D5B49B3048680CD000E48DA /* Frameworks */,
				8D5B49B5048680CD000E48DA /* Rez */,
			);
			buildRules = (
			);
			dependencies = (
			);
			name = UMMPerfusion;
			productInstallPath = "$(HOME)/Library/Bundles";
			productName = Invert;
			productReference = AB5D36050680E57E00F4007A /* UMMPerfusion.osirixplugin */;
			productType = "com.apple.product-type.bundle";
		};
/* End PBXNativeTarget section */

/* Begin PBXProject section */
		089C1669FE841209C02AAC07 /* Project object */ = {
			isa = PBXProject;
			attributes = {
				LastUpgradeCheck = 0820;
			};
			buildConfigurationList = CE6A9A9408AC841300D0C1EE /* Build configuration list for PBXProject "UMMPerfusion-alpha" */;
			compatibilityVersion = "Xcode 3.2";
			developmentRegion = English;
			hasScannedForEncodings = 1;
			knownRegions = (
				English,
				Japanese,
				French,
				German,
			);
			mainGroup = 089C166AFE841209C02AAC07 /* UMMPerfusion */;
			projectDirPath = "";
			projectRoot = "";
			targets = (
				8D5B49AC048680CD000E48DA /* UMMPerfusion */,
			);
		};
/* End PBXProject section */

/* Begin PBXResourcesBuildPhase section */
		8D5B49AF048680CD000E48DA /* Resources */ = {
			isa = PBXResourcesBuildPhase;
			buildActionMask = 2147483647;
			files = (
				8D5B49B0048680CD000E48DA /* InfoPlist.strings in Resources */,
				1457F29E143B321F0047E548 /* plugin.png in Resources */,
				2690CFBE147B890900406C43 /* UMMPCMPanel.xib in Resources */,
				0CBD7EF81588B9FA00A5966E /* UMMPPanel.xib in Resources */,
				0C25D4A115BFEAC1009F8844 /* UMMPPreferencePanel.xib in Resources */,
				0CDE177B15C7C736005BC69C /* curve.png in Resources */,
				0CDE179215C9175B005BC69C /* UMMPViewer.png in Resources */,
				0C4AC492181935790019CE27 /* import.png in Resources */,
			);
			runOnlyForDeploymentPostprocessing = 0;
		};
/* End PBXResourcesBuildPhase section */

/* Begin PBXRezBuildPhase section */
		8D5B49B5048680CD000E48DA /* Rez */ = {
			isa = PBXRezBuildPhase;
			buildActionMask = 2147483647;
			files = (
			);
			runOnlyForDeploymentPostprocessing = 0;
		};
/* End PBXRezBuildPhase section */

/* Begin PBXSourcesBuildPhase section */
		8D5B49B1048680CD000E48DA /* Sources */ = {
			isa = PBXSourcesBuildPhase;
			buildActionMask = 2147483647;
			files = (
				ABA48A670680BB690089EB4F /* UMMPerfusionFilter.m in Sources */,
				1457F282143B2EDB0047E548 /* UMMPPanelController.m in Sources */,
				1457F2A6143B333F0047E548 /* UMMPAlgorithmController.m in Sources */,
				3FC565761D520B9B00594F28 /* UMMP2C2InletUptakePixelBasedMapController.m in Sources */,
				1457F2AF143B33F60047E548 /* UMMPFastDeconvolutionController.m in Sources */,
				263B2452143C32A3003B5A9F /* UMMPRoiList.m in Sources */,
				263A96991442CD5C000758DB /* UMMPChart.m in Sources */,
				269D4F74144EAF5B00343017 /* UMMPViewerList.m in Sources */,
				269D4F84144EDEF900343017 /* UMMPBinding.m in Sources */,
				2619055614612C6A00F0E558 /* UMMPPrefController.m in Sources */,
				560CCBE91B79DF9200F2CE76 /* UMMPPreset.m in Sources */,
				3FDF73781D50A89100276D46 /* UMMP2C2InletRoiBasedController.m in Sources */,
				2690CFB2147B868A00406C43 /* UMMPFastDeconvolution.m in Sources */,
				2690CFB8147B870600406C43 /* MPFit.c in Sources */,
				2690CFBB147B870600406C43 /* SVDcmp.m in Sources */,
				2690CFC5147B893200406C43 /* UMMPCMPanelController.m in Sources */,
				2603A6A914ED24B2005CE48C /* MPCurveFit.c in Sources */,
				264A578B14F2399B003B5B52 /* UMMPMapSelectionPanelController.m in Sources */,
				26BC96A114F65DE0004B4C02 /* UMMPReportChart.m in Sources */,
				26CAD25414F77C8A00A3A1F4 /* UMMPReport.m in Sources */,
				0C86C4F5157F580A009CE02D /* UMMPUserDefaults.m in Sources */,
				0CBF7B5715861042001F20F0 /* UMMPAFOneAlgorithmController.m in Sources */,
				0CBF7B5915861042001F20F0 /* UMMPAFOneROIController.m in Sources */,
				0C9523F415931898007D04B6 /* UMMPPixelBasedMapController.m in Sources */,
				0CD7217B15933A6100066C2F /* UMMPRoiBasedController.m in Sources */,
				0C9202F915B93C1C00E1FE9B /* UMMPAFAllMapsController.m in Sources */,
			);
			runOnlyForDeploymentPostprocessing = 0;
		};
/* End PBXSourcesBuildPhase section */

/* Begin PBXVariantGroup section */
		089C167DFE841241C02AAC07 /* InfoPlist.strings */ = {
			isa = PBXVariantGroup;
			children = (
				089C167EFE841241C02AAC07 /* English */,
			);
			name = InfoPlist.strings;
			sourceTree = "<group>";
		};
/* End PBXVariantGroup section */

/* Begin XCBuildConfiguration section */
		CE6A9A9108AC841300D0C1EE /* Development */ = {
			isa = XCBuildConfiguration;
			buildSettings = {
				ARCHS = "$(ARCHS_STANDARD)";
				COMBINE_HIDPI_IMAGES = YES;
				COPY_PHASE_STRIP = NO;
				DEBUGGING_SYMBOLS = YES;
				DEBUG_INFORMATION_FORMAT = "dwarf-with-dsym";
				FRAMEWORK_SEARCH_PATHS = (
					"$(inherited)",
					"\"$(SRCROOT)\"",
				);
				GCC_DYNAMIC_NO_PIC = NO;
				GCC_ENABLE_TRIGRAPHS = NO;
				GCC_GENERATE_DEBUGGING_SYMBOLS = YES;
				GCC_OPTIMIZATION_LEVEL = 0;
				GCC_PRECOMPILE_PREFIX_HEADER = YES;
				GCC_PREFIX_HEADER = UMMPerfusion_Prefix.pch;
				GCC_WARN_FOUR_CHARACTER_CONSTANTS = NO;
				GCC_WARN_UNKNOWN_PRAGMAS = NO;
				HEADER_SEARCH_PATHS = "";
				INFOPLIST_FILE = Info.plist;
				INSTALL_PATH = "@executable_path/../Plug-ins";
				LIBRARY_SEARCH_PATHS = "";
				LIBRARY_STYLE = Bundle;
				MACOSX_DEPLOYMENT_TARGET = 13.1;
				OTHER_CFLAGS = "";
				OTHER_LDFLAGS = (
					"-undefined",
					dynamic_lookup,
				);
				OTHER_REZFLAGS = "";
				PRODUCT_BUNDLE_IDENTIFIER = com.osirix.UMMPerfusion;
				PRODUCT_NAME = UMMPerfusion;
				SDKROOT = macosx13.1;
				SECTORDER_FLAGS = "";
				WARNING_CFLAGS = (
					"-Wmost",
					"-Wno-four-char-constants",
					"-Wno-unknown-pragmas",
				);
				WRAPPER_EXTENSION = osirixplugin;
				ZERO_LINK = NO;
			};
			name = Development;
		};
		CE6A9A9208AC841300D0C1EE /* Deployment */ = {
			isa = XCBuildConfiguration;
			buildSettings = {
				ARCHS = "$(ARCHS_STANDARD)";
				COMBINE_HIDPI_IMAGES = YES;
				COPY_PHASE_STRIP = YES;
				DEBUG_INFORMATION_FORMAT = "dwarf-with-dsym";
				FRAMEWORK_SEARCH_PATHS = (
					"$(inherited)",
					"\"$(SRCROOT)\"",
				);
				GCC_ENABLE_TRIGRAPHS = NO;
				GCC_OPTIMIZATION_LEVEL = 0;
				GCC_PRECOMPILE_PREFIX_HEADER = YES;
				GCC_PREFIX_HEADER = UMMPerfusion_Prefix.pch;
				GCC_WARN_FOUR_CHARACTER_CONSTANTS = NO;
				GCC_WARN_UNKNOWN_PRAGMAS = NO;
				HEADER_SEARCH_PATHS = "";
				INFOPLIST_FILE = Info.plist;
				INSTALL_PATH = "@executable_path/../Plug-ins";
				LIBRARY_SEARCH_PATHS = "";
				LIBRARY_STYLE = Bundle;
				MACOSX_DEPLOYMENT_TARGET = 13.1;
				OTHER_CFLAGS = "";
				OTHER_LDFLAGS = (
					"-undefined",
					dynamic_lookup,
				);
				OTHER_REZFLAGS = "";
				PRODUCT_BUNDLE_IDENTIFIER = com.osirix.UMMPerfusion;
				PRODUCT_NAME = UMMPerfusion;
				SDKROOT = macosx13.1;
				SECTORDER_FLAGS = "";
				WARNING_CFLAGS = (
					"-Wmost",
					"-Wno-four-char-constants",
					"-Wno-unknown-pragmas",
				);
				WRAPPER_EXTENSION = osirixplugin;
				ZERO_LINK = NO;
			};
			name = Deployment;
		};
		CE6A9A9508AC841300D0C1EE /* Development */ = {
			isa = XCBuildConfiguration;
			buildSettings = {
				CLANG_ANALYZER_LOCALIZABILITY_NONLOCALIZED = YES;
				CLANG_WARN_BOOL_CONVERSION = YES;
				CLANG_WARN_CONSTANT_CONVERSION = YES;
				CLANG_WARN_EMPTY_BODY = YES;
				CLANG_WARN_ENUM_CONVERSION = YES;
				CLANG_WARN_INFINITE_RECURSION = YES;
				CLANG_WARN_INT_CONVERSION = YES;
				CLANG_WARN_SUSPICIOUS_MOVE = YES;
				CLANG_WARN_UNREACHABLE_CODE = YES;
				CLANG_WARN__DUPLICATE_METHOD_MATCH = YES;
				ENABLE_STRICT_OBJC_MSGSEND = YES;
				ENABLE_TESTABILITY = YES;
				GCC_NO_COMMON_BLOCKS = YES;
				GCC_OPTIMIZATION_LEVEL = 0;
				GCC_WARN_64_TO_32_BIT_CONVERSION = YES;
				GCC_WARN_ABOUT_RETURN_TYPE = YES;
				GCC_WARN_UNDECLARED_SELECTOR = YES;
				GCC_WARN_UNINITIALIZED_AUTOS = YES;
				GCC_WARN_UNUSED_FUNCTION = YES;
				GCC_WARN_UNUSED_VARIABLE = YES;
				MACOSX_DEPLOYMENT_TARGET = 10.8;
				ONLY_ACTIVE_ARCH = YES;
				SDKROOT = macosx;
				VALID_ARCHS = "i386 x86_64";
			};
			name = Development;
		};
		CE6A9A9608AC841300D0C1EE /* Deployment */ = {
			isa = XCBuildConfiguration;
			buildSettings = {
				CLANG_ANALYZER_LOCALIZABILITY_NONLOCALIZED = YES;
				CLANG_WARN_BOOL_CONVERSION = YES;
				CLANG_WARN_CONSTANT_CONVERSION = YES;
				CLANG_WARN_EMPTY_BODY = YES;
				CLANG_WARN_ENUM_CONVERSION = YES;
				CLANG_WARN_INFINITE_RECURSION = YES;
				CLANG_WARN_INT_CONVERSION = YES;
				CLANG_WARN_SUSPICIOUS_MOVE = YES;
				CLANG_WARN_UNREACHABLE_CODE = YES;
				CLANG_WARN__DUPLICATE_METHOD_MATCH = YES;
				ENABLE_STRICT_OBJC_MSGSEND = YES;
				GCC_NO_COMMON_BLOCKS = YES;
				GCC_OPTIMIZATION_LEVEL = 0;
				GCC_WARN_64_TO_32_BIT_CONVERSION = YES;
				GCC_WARN_ABOUT_RETURN_TYPE = YES;
				GCC_WARN_UNDECLARED_SELECTOR = YES;
				GCC_WARN_UNINITIALIZED_AUTOS = YES;
				GCC_WARN_UNUSED_FUNCTION = YES;
				GCC_WARN_UNUSED_VARIABLE = YES;
				MACOSX_DEPLOYMENT_TARGET = 10.8;
				SDKROOT = macosx;
			};
			name = Deployment;
		};
/* End XCBuildConfiguration section */

/* Begin XCConfigurationList section */
		CE6A9A9008AC841300D0C1EE /* Build configuration list for PBXNativeTarget "UMMPerfusion" */ = {
			isa = XCConfigurationList;
			buildConfigurations = (
				CE6A9A9108AC841300D0C1EE /* Development */,
				CE6A9A9208AC841300D0C1EE /* Deployment */,
			);
			defaultConfigurationIsVisible = 0;
			defaultConfigurationName = Development;
		};
		CE6A9A9408AC841300D0C1EE /* Build configuration list for PBXProject "UMMPerfusion-alpha" */ = {
			isa = XCConfigurationList;
			buildConfigurations = (
				CE6A9A9508AC841300D0C1EE /* Development */,
				CE6A9A9608AC841300D0C1EE /* Deployment */,
			);
			defaultConfigurationIsVisible = 0;
			defaultConfigurationName = Development;
		};
/* End XCConfigurationList section */
	};
	rootObject = 089C1669FE841209C02AAC07 /* Project object */;
}
